
Microsoft Visual Studio Solution File, Format Version 12.00
# Visual Studio Version 17
VisualStudioVersion = 17.4.33213.308
MinimumVisualStudioVersion = 10.0.40219.1
Project("{9A19103F-16F7-4668-BE54-9A1E7A4F7556}") = "BlazorAuth.Api", "BlazorAuth.Api\BlazorAuth.Api.csproj", "{7E80883E-B214-4082-910B-D8BDCDDE152B}"
EndProject
Project("{9A19103F-16F7-4668-BE54-9A1E7A4F7556}") = "BlazorAuth.Models", "BlazorAuth.Models\BlazorAuth.Models.csproj", "{C1E27409-21B2-4697-B3A2-CD293814A8EB}"
EndProject
Project("{9A19103F-16F7-4668-BE54-9A1E7A4F7556}") = "BlazorAuth.Web", "BlazorAuth.Web\BlazorAuth.Web.csproj", "{0D59B7AA-2181-4EA1-9441-C1603D8E9752}"
EndProject
Global
	GlobalSection(SolutionConfigurationPlatforms) = preSolution
		Debug|Any CPU = Debug|Any CPU
		Release|Any CPU = Release|Any CPU
	EndGlobalSection
	GlobalSection(ProjectConfigurationPlatforms) = postSolution
		{7E80883E-B214-4082-910B-D8BDCDDE152B}.Debug|Any CPU.ActiveCfg = Debug|Any CPU
		{7E80883E-B214-4082-910B-D8BDCDDE152B}.Debug|Any CPU.Build.0 = Debug|Any CPU
		{7E80883E-B214-4082-910B-D8BDCDDE152B}.Release|Any CPU.ActiveCfg = Release|Any CPU
		{7E80883E-B214-4082-910B-D8BDCDDE152B}.Release|Any CPU.Build.0 = Release|Any CPU
		{C1E27409-21B2-4697-B3A2-CD293814A8EB}.Debug|Any CPU.ActiveCfg = Debug|Any CPU
		{C1E27409-21B2-4697-B3A2-CD293814A8EB}.Debug|Any CPU.Build.0 = Debug|Any CPU
		{C1E27409-21B2-4697-B3A2-CD293814A8EB}.Release|Any CPU.ActiveCfg = Release|Any CPU
		{C1E27409-21B2-4697-B3A2-CD293814A8EB}.Release|Any CPU.Build.0 = Release|Any CPU
		{0D59B7AA-2181-4EA1-9441-C1603D8E9752}.Debug|Any CPU.ActiveCfg = Debug|Any CPU
		{0D59B7AA-2181-4EA1-9441-C1603D8E9752}.Debug|Any CPU.Build.0 = Debug|Any CPU
		{0D59B7AA-2181-4EA1-9441-C1603D8E9752}.Release|Any CPU.ActiveCfg = Release|Any CPU
		{0D59B7AA-2181-4EA1-9441-C1603D8E9752}.Release|Any CPU.Build.0 = Release|Any CPU
	EndGlobalSection
	GlobalSection(SolutionProperties) = preSolution
		HideSolutionNode = FALSE
	EndGlobalSection
	GlobalSection(ExtensibilityGlobals) = postSolution
		SolutionGuid = {C984C96D-6B42-4AF2-8DA0-52AF64EFC5FB}
	EndGlobalSection
EndGlobal
